version = 1
revision = 3
requires-python = ">=3.14"

[[package]]
name = "playground-worker"
version = "0.1.0"
source = { editable = "." }
dependencies = [
    { name = "runpyrs" },
]

[package.dev-dependencies]
dev = [
    { name = "uv" },
]

[package.metadata]
requires-dist = [{ name = "runpyrs", editable = "../../../worker" }]

[package.metadata.requires-dev]
dev = [{ name = "uv", specifier = ">=0.11.2" }]

[[package]]
name = "runpyrs"
version = "0.0.4"
source = { editable = "../../../worker" }

[package.metadata]
requires-dist = [{ name = "pytest", marker = "extra == 'dev'", specifier = ">=7.0" }]
provides-extras = ["dev"]

[package.metadata.requires-dev]
dev = [{ name = "uv", specifier = ">=0.11.2" }]

[[package]]
name = "uv"
version = "0.11.2"
source = { registry = "https://pypi.org/simple" }
sdist = { url = "https://files.pythonhosted.org/packages/ba/9e/65dfeeafe5644a2e0bdd9dfdd4bdc37c87b06067fdff4596eeba0bc0f2f5/uv-0.11.2.tar.gz", hash = "sha256:ef226af1d814466df45dc8a746c5220a951643d0832296a00c30ac3db95a3a4c", size = 4010086, upload-time = "2026-03-26T21:22:13.185Z" }
wheels = [
    { url = "https://files.pythonhosted.org/packages/29/6f/6469561a85b81d690ad63eac1135ce4d4f8269cb4fc92da20ff7efa5fa4f/uv-0.11.2-py3-none-linux_armv6l.whl", hash = "sha256:f27ca998085eb8dc095ff9d7568aa08d9ce7c0d2b74bd525da5cd2e5b7367b71", size = 23387567, upload-time = "2026-03-26T21:22:02.49Z" },
    { url = "https://files.pythonhosted.org/packages/27/2a/313b5de76e52cc75e38fd3e5f1644d6b16d4d4bdb9aaff8508ec955255ed/uv-0.11.2-py3-none-macosx_10_12_x86_64.whl", hash = "sha256:00054a0041c25b3ec3d0f4f6221d3cbfda32e70f7d1c60bee36f1a9736f47b68", size = 22819340, upload-time = "2026-03-26T21:22:42.942Z" },
    { url = "https://files.pythonhosted.org/packages/3a/74/64ea01a48383748f0e1087e617fab0d88176f506fc47e3a18fb936a22a3d/uv-0.11.2-py3-none-macosx_11_0_arm64.whl", hash = "sha256:89972042233c90adf8b8150ec164444a4df41938739e5736773ac00870840887", size = 21425465, upload-time = "2026-03-26T21:22:05.232Z" },
    { url = "https://files.pythonhosted.org/packages/b6/85/d9d71a940e90d1ec130483a02d25711010609c613d245abd48ff14fdfd1d/uv-0.11.2-py3-none-manylinux_2_17_aarch64.manylinux2014_aarch64.musllinux_1_1_aarch64.whl", hash = "sha256:e1f98621b3ffd5dd40bec12bd716e67aec552a7978c7753b709206d7a0e4f93f", size = 23140501, upload-time = "2026-03-26T21:22:31.896Z" },
    { url = "https://files.pythonhosted.org/packages/59/4d/c25126473337acf071b0d572ff94fb6444364641b3d311568028349c964d/uv-0.11.2-py3-none-manylinux_2_17_armv7l.manylinux2014_armv7l.musllinux_1_1_armv7l.whl", hash = "sha256:66925ceb0e76826b5280937a93e31f0b093c9edfafbb52db7936595b1ef205b8", size = 23003445, upload-time = "2026-03-26T21:22:15.371Z" },
    { url = "https://files.pythonhosted.org/packages/5b/3e/1ef69d9fc88e04037ffebd5c41f70dadeb73021033ced57b2e186b23ac7c/uv-0.11.2-py3-none-manylinux_2_17_armv7l.manylinux2014_armv7l.whl", hash = "sha256:a10911b6a555d31beb835653cedc0bc491b656e964d30be8eb9186f1fe0ef88c", size = 22989489, upload-time = "2026-03-26T21:22:26.226Z" },
    { url = "https://files.pythonhosted.org/packages/a0/04/0398b4a5be0f3dd07be80d31275754338ae8857f78309b9776ab854d0a85/uv-0.11.2-py3-none-manylinux_2_17_i686.manylinux2014_i686.whl", hash = "sha256:2b8fa0a2ddc69c9ed373d72144b950ac2af81e3d95047c2d02564a8a03be538c", size = 24603289, upload-time = "2026-03-26T21:22:45.967Z" },
    { url = "https://files.pythonhosted.org/packages/e6/79/0388bbb629db283a883e4412d5f54cf62ec4b9f7bb6631781fbbb49c0792/uv-0.11.2-py3-none-manylinux_2_17_ppc64le.manylinux2014_ppc64le.whl", hash = "sha256:fbbd6e6e682b7f0bbdfff3348e580ea0fa58a07741e54cc8641b919bdf6f9128", size = 25218467, upload-time = "2026-03-26T21:22:20.701Z" },
    { url = "https://files.pythonhosted.org/packages/25/5c/725442191dee62e5b906576ed0ff432a1f2e3b38994c81e16156574e97ab/uv-0.11.2-py3-none-manylinux_2_17_s390x.manylinux2014_s390x.whl", hash = "sha256:8f9f3ac825561edec6494588d6aed7d3f4a08618b167eb256b4a9027b13304a6", size = 24418929, upload-time = "2026-03-26T21:22:23.446Z" },
    { url = "https://files.pythonhosted.org/packages/9f/6e/f49ca8ad037919e5d44a2070af3d369792be3419c594cfb92f4404ab7832/uv-0.11.2-py3-none-manylinux_2_17_x86_64.manylinux2014_x86_64.whl", hash = "sha256:be4bb136bbc8840ede58663e8ba5a9bbf3b5376f7f933f915df28d4078bb9095", size = 24586892, upload-time = "2026-03-26T21:22:18.044Z" },
    { url = "https://files.pythonhosted.org/packages/83/08/aff0a8098ac5946d195e67bf091d494f34c1009ea6e163d0c23e241527e1/uv-0.11.2-py3-none-manylinux_2_28_aarch64.whl", hash = "sha256:fea7efc97f9fcfb345e588c71fa56250c0db8c2bfd8d4e2cd4d21e1308c4e6ac", size = 23232598, upload-time = "2026-03-26T21:22:51.865Z" },
    { url = "https://files.pythonhosted.org/packages/1c/43/eced218d15f8ed58fbb081f0b826e4f016b501b50ec317ab6c331b60c15c/uv-0.11.2-py3-none-manylinux_2_31_riscv64.musllinux_1_1_riscv64.whl", hash = "sha256:b5529572ea7150311f5a17b5d09ef19781c2484932e14eed44a0c038f93ef722", size = 23998818, upload-time = "2026-03-26T21:22:49.097Z" },
    { url = "https://files.pythonhosted.org/packages/62/96/da68d159ba3f49a516796273463288b53d675675c5a0df71c14301ec4323/uv-0.11.2-py3-none-manylinux_2_31_riscv64.whl", hash = "sha256:0919096889e26d0edcbc731e95c4a4d1f47ef881fb46970cbf0800bf17d4840e", size = 24047673, upload-time = "2026-03-26T21:22:37.6Z" },
    { url = "https://files.pythonhosted.org/packages/62/be/db2400f4699717b4f34e036e7a1c54bc1f89c7c5b3303abc8d8a00664071/uv-0.11.2-py3-none-musllinux_1_1_i686.whl", hash = "sha256:7a05747eecca4534c284dbab213526468092317e8f6aec7a6c9f89ce3d1248d3", size = 23733334, upload-time = "2026-03-26T21:22:40.247Z" },
    { url = "https://files.pythonhosted.org/packages/29/27/4045960075f4898a44f092625e9f08ee8af4229be7df6ad487d58aa7d51e/uv-0.11.2-py3-none-musllinux_1_1_x86_64.whl", hash = "sha256:00cbf1829e158b053b0bdc675d9f9c13700b29be90a9bad966cc9b586c01265b", size = 24790898, upload-time = "2026-03-26T21:22:07.812Z" },
    { url = "https://files.pythonhosted.org/packages/e4/9d/7470f39bf72683f1908e7ba70f5379f14e4984c8e6a65f7563f3dfb19f13/uv-0.11.2-py3-none-win32.whl", hash = "sha256:a1b8a39b17cf9e3183a35a44dffa103c91c412f003569a210883ffb537c2c65d", size = 22516649, upload-time = "2026-03-26T21:22:34.806Z" },
    { url = "https://files.pythonhosted.org/packages/f6/a3/c88fa454a7c07785ce63e96b6c1c7b24b5abcb3a6afbc6ad8b29b9bc1a1d/uv-0.11.2-py3-none-win_amd64.whl", hash = "sha256:d4dbcecf6daca8605f46fba232f49e9b49d06ebe3b9cba5e59e608c5be03890e", size = 24989876, upload-time = "2026-03-26T21:22:28.917Z" },
    { url = "https://files.pythonhosted.org/packages/a2/50/fae409a028d87db02ffbf3a3b5ac39980fbeb3d9a0356f49943722b2cabb/uv-0.11.2-py3-none-win_arm64.whl", hash = "sha256:e5b8570e88af5073ce5aa5df4866484e69035a6e66caab8a5c51a988a989a467", size = 23450736, upload-time = "2026-03-26T21:22:10.838Z" },
]
